
Microsoft Visual Studio Solution File, Format Version 12.00
# Visual Studio Version 18
VisualStudioVersion = 18.1.11304.174
MinimumVisualStudioVersion = 10.0.40219.1
Project("{888888A0-9F3D-457C-B088-3A5042F75D52}") = "Client", "Client\Client.pyproj", "{97DD8617-6E41-4E2C-808B-5352F5B5012B}"
EndProject
Project("{8BC9CEB8-8B4A-11D0-8D11-00A0C91BC942}") = "Server", "Server\Server.vcxproj", "{F8CD6485-E824-40C2-A772-376968349F83}"
EndProject
Global
	GlobalSection(SolutionConfigurationPlatforms) = preSolution
		Debug|Any CPU = Debug|Any CPU
		Debug|x64 = Debug|x64
		Debug|x86 = Debug|x86
		Release|Any CPU = Release|Any CPU
		Release|x64 = Release|x64
		Release|x86 = Release|x86
	EndGlobalSection
	GlobalSection(ProjectConfigurationPlatforms) = postSolution
		{97DD8617-6E41-4E2C-808B-5352F5B5012B}.Debug|Any CPU.ActiveCfg = Debug|Any CPU
		{97DD8617-6E41-4E2C-808B-5352F5B5012B}.Debug|x64.ActiveCfg = Debug|Any CPU
		{97DD8617-6E41-4E2C-808B-5352F5B5012B}.Debug|x86.ActiveCfg = Debug|Any CPU
		{97DD8617-6E41-4E2C-808B-5352F5B5012B}.Release|Any CPU.ActiveCfg = Release|Any CPU
		{97DD8617-6E41-4E2C-808B-5352F5B5012B}.Release|x64.ActiveCfg = Release|Any CPU
		{97DD8617-6E41-4E2C-808B-5352F5B5012B}.Release|x86.ActiveCfg = Release|Any CPU
		{F8CD6485-E824-40C2-A772-376968349F83}.Debug|Any CPU.ActiveCfg = Debug|x64
		{F8CD6485-E824-40C2-A772-376968349F83}.Debug|Any CPU.Build.0 = Debug|x64
		{F8CD6485-E824-40C2-A772-376968349F83}.Debug|x64.ActiveCfg = Debug|x64
		{F8CD6485-E824-40C2-A772-376968349F83}.Debug|x64.Build.0 = Debug|x64
		{F8CD6485-E824-40C2-A772-376968349F83}.Debug|x86.ActiveCfg = Debug|Win32
		{F8CD6485-E824-40C2-A772-376968349F83}.Debug|x86.Build.0 = Debug|Win32
		{F8CD6485-E824-40C2-A772-376968349F83}.Release|Any CPU.ActiveCfg = Release|x64
		{F8CD6485-E824-40C2-A772-376968349F83}.Release|Any CPU.Build.0 = Release|x64
		{F8CD6485-E824-40C2-A772-376968349F83}.Release|x64.ActiveCfg = Release|x64
		{F8CD6485-E824-40C2-A772-376968349F83}.Release|x64.Build.0 = Release|x64
		{F8CD6485-E824-40C2-A772-376968349F83}.Release|x86.ActiveCfg = Release|Win32
		{F8CD6485-E824-40C2-A772-376968349F83}.Release|x86.Build.0 = Release|Win32
	EndGlobalSection
	GlobalSection(SolutionProperties) = preSolution
		HideSolutionNode = FALSE
	EndGlobalSection
	GlobalSection(ExtensibilityGlobals) = postSolution
		SolutionGuid = {94B3620E-5DF6-4A6A-9DF1-B0595756A3BA}
	EndGlobalSection
EndGlobal
